{
  "nodes": {
    "crane": {
      "locked": {
        "lastModified": 1744386647,
        "narHash": "sha256-DXwQEJllxpYeVOiSlBhQuGjfvkoGHTtILLYO2FvcyzQ=",
        "owner": "ipetkov",
        "repo": "crane",
        "rev": "d02c1cdd7ec539699aa44e6ff912e15535969803",
        "type": "github"
      },
      "original": {
        "owner": "ipetkov",
        "repo": "crane",
        "type": "github"
      }
    },
    "flake-utils": {
      "inputs": {
        "systems": "systems"
      },
      "locked": {
        "lastModified": 1731533236,
        "narHash": "sha256-l0KFg5HjrsfsO/JpG+r7fRrqm12kzFHyUHqHCVpMMbI=",
        "owner": "numtide",
        "repo": "flake-utils",
        "rev": "11707dc2f618dd54ca8739b309ec4fc024de578b",
        "type": "github"
      },
      "original": {
        "owner": "numtide",
        "repo": "flake-utils",
        "type": "github"
      }
    },
    "nixpkgs": {
      "locked": {
        "lastModified": 1744059796,
        "narHash": "sha256-E74YMZ/88tuiyPxrnkd43sNL3hhtOhq7PbTR97FynSg=",
        "owner": "nixos",
        "repo": "nixpkgs",
        "rev": "b6776fe38f7fb784cd7a4a64fb88a4af660b6749",
        "type": "github"
      },
      "original": {
        "owner": "nixos",
        "ref": "release-24.11",
        "repo": "nixpkgs",
        "type": "github"
      }
    },
    "root": {
      "inputs": {
        "crane": "crane",
        "flake-utils": "flake-utils",
        "nixpkgs": "nixpkgs",
        "unstable-pkgs": "unstable-pkgs"
      }
    },
    "systems": {
      "locked": {
        "lastModified": 1681028828,
        "narHash": "sha256-Vy1rq5AaRuLzOxct8nz4T6wlgyUR7zLU309k9mBC768=",
        "owner": "nix-systems",
        "repo": "default",
        "rev": "da67096a3b9bf56a91d16901293e51ba5b49a27e",
        "type": "github"
      },
      "original": {
        "owner": "nix-systems",
        "repo": "default",
        "type": "github"
      }
    },
    "unstable-pkgs": {
      "locked": {
        "lastModified": 1746152631,
        "narHash": "sha256-zBuvmL6+CUsk2J8GINpyy8Hs1Zp4PP6iBWSmZ4SCQ/s=",
        "owner": "nixos",
        "repo": "nixpkgs",
        "rev": "032bc6539bd5f14e9d0c51bd79cfe9a055b094c3",
        "type": "github"
      },
      "original": {
        "owner": "nixos",
        "ref": "nixpkgs-unstable",
        "repo": "nixpkgs",
        "type": "github"
      }
    }
  },
  "root": "root",
  "version": 7
}
